
Microsoft Visual Studio Solution File, Format Version 12.00
# Visual Studio 15
Project("{FAE04EC0-301F-11D3-BF4B-00C04F79EFBC}") = "ContosoPets.Api", "ContosoPets.Api\ContosoPets.Api.csproj", "{8BE40916-B8F2-4726-98B2-2A8E790622B8}"
EndProject
Global
	GlobalSection(SolutionConfigurationPlatforms) = preSolution
		Debug|Any CPU = Debug|Any CPU
		Release|Any CPU = Release|Any CPU
	EndGlobalSection
	GlobalSection(ProjectConfigurationPlatforms) = postSolution
		{8BE40916-B8F2-4726-98B2-2A8E790622B8}.Debug|Any CPU.ActiveCfg = Debug|Any CPU
		{8BE40916-B8F2-4726-98B2-2A8E790622B8}.Debug|Any CPU.Build.0 = Debug|Any CPU
		{8BE40916-B8F2-4726-98B2-2A8E790622B8}.Release|Any CPU.ActiveCfg = Release|Any CPU
		{8BE40916-B8F2-4726-98B2-2A8E790622B8}.Release|Any CPU.Build.0 = Release|Any CPU
	EndGlobalSection
EndGlobal
